{
  "name": "random-unique-subarray",
  "version": "2.0.0",
  "lockfileVersion": 2,
  "requires": true,
  "packages": {
    "": {
      "name": "random-unique-subarray",
      "version": "2.0.0",
      "license": "MIT",
      "dependencies": {
        "array-shuffle": "^3.0.0"
      },
      "devDependencies": {
        "tsc": "^2.0.3",
        "typescript": "^4.4.2"
      }
    },
    "node_modules/array-shuffle": {
      "version": "3.0.0",
      "resolved": "https://registry.npmjs.org/array-shuffle/-/array-shuffle-3.0.0.tgz",
      "integrity": "sha512-rogEGxHOQPhslOhpg12LJkB+bbAl484/s2AJq0BxtzQDQfKl76fS2u9zWgg3p3b9ENcuvE7K8A7l5ddiPjCRnw==",
      "engines": {
        "node": ">=12.20"
      },
      "funding": {
        "url": "https://github.com/sponsors/sindresorhus"
      }
    },
    "node_modules/tsc": {
      "version": "2.0.3",
      "resolved": "https://registry.npmjs.org/tsc/-/tsc-2.0.3.tgz",
      "integrity": "sha512-SN+9zBUtrpUcOpaUO7GjkEHgWtf22c7FKbKCA4e858eEM7Qz86rRDpgOU2lBIDf0fLCsEg65ms899UMUIB2+Ow==",
      "dev": true,
      "bin": {
        "tsc": "bin/tsc"
      }
    },
    "node_modules/typescript": {
      "version": "4.4.2",
      "resolved": "https://registry.npmjs.org/typescript/-/typescript-4.4.2.tgz",
      "integrity": "sha512-gzP+t5W4hdy4c+68bfcv0t400HVJMMd2+H9B7gae1nQlBzCqvrXX+6GL/b3GAgyTH966pzrZ70/fRjwAtZksSQ==",
      "dev": true,
      "bin": {
        "tsc": "bin/tsc",
        "tsserver": "bin/tsserver"
      },
      "engines": {
        "node": ">=4.2.0"
      }
    }
  },
  "dependencies": {
    "array-shuffle": {
      "version": "3.0.0",
      "resolved": "https://registry.npmjs.org/array-shuffle/-/array-shuffle-3.0.0.tgz",
      "integrity": "sha512-rogEGxHOQPhslOhpg12LJkB+bbAl484/s2AJq0BxtzQDQfKl76fS2u9zWgg3p3b9ENcuvE7K8A7l5ddiPjCRnw=="
    },
    "tsc": {
      "version": "2.0.3",
      "resolved": "https://registry.npmjs.org/tsc/-/tsc-2.0.3.tgz",
      "integrity": "sha512-SN+9zBUtrpUcOpaUO7GjkEHgWtf22c7FKbKCA4e858eEM7Qz86rRDpgOU2lBIDf0fLCsEg65ms899UMUIB2+Ow==",
      "dev": true
    },
    "typescript": {
      "version": "4.4.2",
      "resolved": "https://registry.npmjs.org/typescript/-/typescript-4.4.2.tgz",
      "integrity": "sha512-gzP+t5W4hdy4c+68bfcv0t400HVJMMd2+H9B7gae1nQlBzCqvrXX+6GL/b3GAgyTH966pzrZ70/fRjwAtZksSQ==",
      "dev": true
    }
  }
}
